
Microsoft Visual Studio Solution File, Format Version 12.00
# Visual Studio Version 16
VisualStudioVersion = 16.0.29728.190
MinimumVisualStudioVersion = 10.0.40219.1
Project("{FAE04EC0-301F-11D3-BF4B-00C04F79EFBC}") = "TrentinoDigitale.Corona.Mvc", "TrentinoDigitale.Corona.Mvc\TrentinoDigitale.Corona.Mvc.csproj", "{5FADB04D-13DC-4BB9-91C8-FF2E750A67DA}"
EndProject
Project("{FAE04EC0-301F-11D3-BF4B-00C04F79EFBC}") = "TrentinoDigitale.Corona.Mvc.Tests", "TrentinoDigitale.Corona.Mvc.Tests\TrentinoDigitale.Corona.Mvc.Tests.csproj", "{3CEA7BF9-78BF-4DD1-AC38-F0805F30A9C6}"
EndProject
Project("{FAE04EC0-301F-11D3-BF4B-00C04F79EFBC}") = "TrentinoDigitale.Corona.Api", "TrentinoDigitale.Corona.Api\TrentinoDigitale.Corona.Api.csproj", "{9E2090A8-114A-476E-9A70-005E9A8AC904}"
EndProject
Global
	GlobalSection(SolutionConfigurationPlatforms) = preSolution
		Debug|Any CPU = Debug|Any CPU
		Release|Any CPU = Release|Any CPU
	EndGlobalSection
	GlobalSection(ProjectConfigurationPlatforms) = postSolution
		{5FADB04D-13DC-4BB9-91C8-FF2E750A67DA}.Debug|Any CPU.ActiveCfg = Debug|Any CPU
		{5FADB04D-13DC-4BB9-91C8-FF2E750A67DA}.Debug|Any CPU.Build.0 = Debug|Any CPU
		{5FADB04D-13DC-4BB9-91C8-FF2E750A67DA}.Release|Any CPU.ActiveCfg = Release|Any CPU
		{5FADB04D-13DC-4BB9-91C8-FF2E750A67DA}.Release|Any CPU.Build.0 = Release|Any CPU
		{3CEA7BF9-78BF-4DD1-AC38-F0805F30A9C6}.Debug|Any CPU.ActiveCfg = Debug|Any CPU
		{3CEA7BF9-78BF-4DD1-AC38-F0805F30A9C6}.Debug|Any CPU.Build.0 = Debug|Any CPU
		{3CEA7BF9-78BF-4DD1-AC38-F0805F30A9C6}.Release|Any CPU.ActiveCfg = Release|Any CPU
		{3CEA7BF9-78BF-4DD1-AC38-F0805F30A9C6}.Release|Any CPU.Build.0 = Release|Any CPU
		{9E2090A8-114A-476E-9A70-005E9A8AC904}.Debug|Any CPU.ActiveCfg = Debug|Any CPU
		{9E2090A8-114A-476E-9A70-005E9A8AC904}.Debug|Any CPU.Build.0 = Debug|Any CPU
		{9E2090A8-114A-476E-9A70-005E9A8AC904}.Release|Any CPU.ActiveCfg = Release|Any CPU
		{9E2090A8-114A-476E-9A70-005E9A8AC904}.Release|Any CPU.Build.0 = Release|Any CPU
	EndGlobalSection
	GlobalSection(SolutionProperties) = preSolution
		HideSolutionNode = FALSE
	EndGlobalSection
	GlobalSection(ExtensibilityGlobals) = postSolution
		SolutionGuid = {BC054B8F-64DA-4C85-A2FA-B36375BE8971}
	EndGlobalSection
EndGlobal
